
Microsoft Visual Studio Solution File, Format Version 12.00
# Visual Studio Version 16
VisualStudioVersion = 16.0.30413.136
MinimumVisualStudioVersion = 10.0.40219.1
Project("{D954291E-2A0B-460D-934E-DC6B0785DB48}") = "Deepy1000.Shared", "Deepy1000.Shared\Deepy1000.Shared.shproj", "{6279C845-92F8-4333-AB99-3D213163593C}"
EndProject
Project("{FAE04EC0-301F-11D3-BF4B-00C04F79EFBC}") = "Deepy1000.Droid", "Deepy1000.Droid\Deepy1000.Droid.csproj", "{65AB2EC8-4D36-40EF-83D0-EA0171C211DB}"
EndProject
Project("{FAE04EC0-301F-11D3-BF4B-00C04F79EFBC}") = "Deepy1000.iOS", "Deepy1000.iOS\Deepy1000.iOS.csproj", "{0DEEE873-E6F5-4DFA-B0DE-C1C3F9CCB2B9}"
EndProject
Project("{FAE04EC0-301F-11D3-BF4B-00C04F79EFBC}") = "Deepy1000.UWP", "Deepy1000.UWP\Deepy1000.UWP.csproj", "{525D42F5-BB69-4A31-9F99-2783C2E5D956}"
EndProject
Project("{9A19103F-16F7-4668-BE54-9A1E7A4F7556}") = "Deepy1000.Wasm", "Deepy1000.Wasm\Deepy1000.Wasm.csproj", "{F9F215AF-35DB-42B5-94E4-9E53DC027EF2}"
EndProject
Project("{FAE04EC0-301F-11D3-BF4B-00C04F79EFBC}") = "Deepy1000.macOS", "Deepy1000.macOS\Deepy1000.macOS.csproj", "{56D57EF5-5C20-4E5A-A6A8-5C8E25D08350}"
EndProject
Global
	GlobalSection(SharedMSBuildProjectFiles) = preSolution
		Deepy1000.Shared\Deepy1000.Shared.projitems*{0deee873-e6f5-4dfa-b0de-c1c3f9ccb2b9}*SharedItemsImports = 4
		Deepy1000.Shared\Deepy1000.Shared.projitems*{525d42f5-bb69-4a31-9f99-2783c2e5d956}*SharedItemsImports = 4
		Deepy1000.Shared\Deepy1000.Shared.projitems*{56d57ef5-5c20-4e5a-a6a8-5c8e25d08350}*SharedItemsImports = 4
		Deepy1000.Shared\Deepy1000.Shared.projitems*{6279c845-92f8-4333-ab99-3d213163593c}*SharedItemsImports = 13
		Deepy1000.Shared\Deepy1000.Shared.projitems*{65ab2ec8-4d36-40ef-83d0-ea0171c211db}*SharedItemsImports = 4
		Deepy1000.Shared\Deepy1000.Shared.projitems*{f9f215af-35db-42b5-94e4-9e53dc027ef2}*SharedItemsImports = 5
	EndGlobalSection
	GlobalSection(SolutionConfigurationPlatforms) = preSolution
		Ad-Hoc|Any CPU = Ad-Hoc|Any CPU
		Ad-Hoc|ARM = Ad-Hoc|ARM
		Ad-Hoc|ARM64 = Ad-Hoc|ARM64
		Ad-Hoc|iPhone = Ad-Hoc|iPhone
		Ad-Hoc|iPhoneSimulator = Ad-Hoc|iPhoneSimulator
		Ad-Hoc|x64 = Ad-Hoc|x64
		Ad-Hoc|x86 = Ad-Hoc|x86
		AppStore|Any CPU = AppStore|Any CPU
		AppStore|ARM = AppStore|ARM
		AppStore|ARM64 = AppStore|ARM64
		AppStore|iPhone = AppStore|iPhone
		AppStore|iPhoneSimulator = AppStore|iPhoneSimulator
		AppStore|x64 = AppStore|x64
		AppStore|x86 = AppStore|x86
		Debug|Any CPU = Debug|Any CPU
		Debug|ARM = Debug|ARM
		Debug|ARM64 = Debug|ARM64
		Debug|iPhone = Debug|iPhone
		Debug|iPhoneSimulator = Debug|iPhoneSimulator
		Debug|x64 = Debug|x64
		Debug|x86 = Debug|x86
		Release|Any CPU = Release|Any CPU
		Release|ARM = Release|ARM
		Release|ARM64 = Release|ARM64
		Release|iPhone = Release|iPhone
		Release|iPhoneSimulator = Release|iPhoneSimulator
		Release|x64 = Release|x64
		Release|x86 = Release|x86
	EndGlobalSection
	GlobalSection(ProjectConfigurationPlatforms) = postSolution
		{65AB2EC8-4D36-40EF-83D0-EA0171C211DB}.Ad-Hoc|Any CPU.ActiveCfg = Release|Any CPU
		{65AB2EC8-4D36-40EF-83D0-EA0171C211DB}.Ad-Hoc|Any CPU.Build.0 = Release|Any CPU
		{65AB2EC8-4D36-40EF-83D0-EA0171C211DB}.Ad-Hoc|Any CPU.Deploy.0 = Release|Any CPU
		{65AB2EC8-4D36-40EF-83D0-EA0171C211DB}.Ad-Hoc|ARM.ActiveCfg = Release|Any CPU
		{65AB2EC8-4D36-40EF-83D0-EA0171C211DB}.Ad-Hoc|ARM.Build.0 = Release|Any CPU
		{65AB2EC8-4D36-40EF-83D0-EA0171C211DB}.Ad-Hoc|ARM.Deploy.0 = Release|Any CPU
		{65AB2EC8-4D36-40EF-83D0-EA0171C211DB}.Ad-Hoc|ARM64.ActiveCfg = Release|Any CPU
		{65AB2EC8-4D36-40EF-83D0-EA0171C211DB}.Ad-Hoc|ARM64.Build.0 = Release|Any CPU
		{65AB2EC8-4D36-40EF-83D0-EA0171C211DB}.Ad-Hoc|ARM64.Deploy.0 = Release|Any CPU
		{65AB2EC8-4D36-40EF-83D0-EA0171C211DB}.Ad-Hoc|iPhone.ActiveCfg = Release|Any CPU
		{65AB2EC8-4D36-40EF-83D0-EA0171C211DB}.Ad-Hoc|iPhone.Build.0 = Release|Any CPU
		{65AB2EC8-4D36-40EF-83D0-EA0171C211DB}.Ad-Hoc|iPhone.Deploy.0 = Release|Any CPU
		{65AB2EC8-4D36-40EF-83D0-EA0171C211DB}.Ad-Hoc|iPhoneSimulator.ActiveCfg = Release|Any CPU
		{65AB2EC8-4D36-40EF-83D0-EA0171C211DB}.Ad-Hoc|iPhoneSimulator.Build.0 = Release|Any CPU
		{65AB2EC8-4D36-40EF-83D0-EA0171C211DB}.Ad-Hoc|iPhoneSimulator.Deploy.0 = Release|Any CPU
		{65AB2EC8-4D36-40EF-83D0-EA0171C211DB}.Ad-Hoc|x64.ActiveCfg = Release|Any CPU
		{65AB2EC8-4D36-40EF-83D0-EA0171C211DB}.Ad-Hoc|x64.Build.0 = Release|Any CPU
		{65AB2EC8-4D36-40EF-83D0-EA0171C211DB}.Ad-Hoc|x64.Deploy.0 = Release|Any CPU
		{65AB2EC8-4D36-40EF-83D0-EA0171C211DB}.Ad-Hoc|x86.ActiveCfg = Release|Any CPU
		{65AB2EC8-4D36-40EF-83D0-EA0171C211DB}.Ad-Hoc|x86.Build.0 = Release|Any CPU
		{65AB2EC8-4D36-40EF-83D0-EA0171C211DB}.Ad-Hoc|x86.Deploy.0 = Release|Any CPU
		{65AB2EC8-4D36-40EF-83D0-EA0171C211DB}.AppStore|Any CPU.ActiveCfg = Release|Any CPU
		{65AB2EC8-4D36-40EF-83D0-EA0171C211DB}.AppStore|Any CPU.Build.0 = Release|Any CPU
		{65AB2EC8-4D36-40EF-83D0-EA0171C211DB}.AppStore|Any CPU.Deploy.0 = Release|Any CPU
		{65AB2EC8-4D36-40EF-83D0-EA0171C211DB}.AppStore|ARM.ActiveCfg = Release|Any CPU
		{65AB2EC8-4D36-40EF-83D0-EA0171C211DB}.AppStore|ARM.Build.0 = Release|Any CPU
		{65AB2EC8-4D36-40EF-83D0-EA0171C211DB}.AppStore|ARM.Deploy.0 = Release|Any CPU
		{65AB2EC8-4D36-40EF-83D0-EA0171C211DB}.AppStore|ARM64.ActiveCfg = Release|Any CPU
		{65AB2EC8-4D36-40EF-83D0-EA0171C211DB}.AppStore|ARM64.Build.0 = Release|Any CPU
		{65AB2EC8-4D36-40EF-83D0-EA0171C211DB}.AppStore|ARM64.Deploy.0 = Release|Any CPU
		{65AB2EC8-4D36-40EF-83D0-EA0171C211DB}.AppStore|iPhone.ActiveCfg = Release|Any CPU
		{65AB2EC8-4D36-40EF-83D0-EA0171C211DB}.AppStore|iPhone.Build.0 = Release|Any CPU
		{65AB2EC8-4D36-40EF-83D0-EA0171C211DB}.AppStore|iPhone.Deploy.0 = Release|Any CPU
		{65AB2EC8-4D36-40EF-83D0-EA0171C211DB}.AppStore|iPhoneSimulator.ActiveCfg = Release|Any CPU
		{65AB2EC8-4D36-40EF-83D0-EA0171C211DB}.AppStore|iPhoneSimulator.Build.0 = Release|Any CPU
		{65AB2EC8-4D36-40EF-83D0-EA0171C211DB}.AppStore|iPhoneSimulator.Deploy.0 = Release|Any CPU
		{65AB2EC8-4D36-40EF-83D0-EA0171C211DB}.AppStore|x64.ActiveCfg = Release|Any CPU
		{65AB2EC8-4D36-40EF-83D0-EA0171C211DB}.AppStore|x64.Build.0 = Release|Any CPU
		{65AB2EC8-4D36-40EF-83D0-EA0171C211DB}.AppStore|x64.Deploy.0 = Release|Any CPU
		{65AB2EC8-4D36-40EF-83D0-EA0171C211DB}.AppStore|x86.ActiveCfg = Release|Any CPU
		{65AB2EC8-4D36-40EF-83D0-EA0171C211DB}.AppStore|x86.Build.0 = Release|Any CPU
		{65AB2EC8-4D36-40EF-83D0-EA0171C211DB}.AppStore|x86.Deploy.0 = Release|Any CPU
		{65AB2EC8-4D36-40EF-83D0-EA0171C211DB}.Debug|Any CPU.ActiveCfg = Debug|Any CPU
		{65AB2EC8-4D36-40EF-83D0-EA0171C211DB}.Debug|Any CPU.Build.0 = Debug|Any CPU
		{65AB2EC8-4D36-40EF-83D0-EA0171C211DB}.Debug|Any CPU.Deploy.0 = Debug|Any CPU
		{65AB2EC8-4D36-40EF-83D0-EA0171C211DB}.Debug|ARM.ActiveCfg = Debug|Any CPU
		{65AB2EC8-4D36-40EF-83D0-EA0171C211DB}.Debug|ARM.Build.0 = Debug|Any CPU
		{65AB2EC8-4D36-40EF-83D0-EA0171C211DB}.Debug|ARM.Deploy.0 = Debug|Any CPU
		{65AB2EC8-4D36-40EF-83D0-EA0171C211DB}.Debug|ARM64.ActiveCfg = Debug|Any CPU
		{65AB2EC8-4D36-40EF-83D0-EA0171C211DB}.Debug|ARM64.Build.0 = Debug|Any CPU
		{65AB2EC8-4D36-40EF-83D0-EA0171C211DB}.Debug|ARM64.Deploy.0 = Debug|Any CPU
		{65AB2EC8-4D36-40EF-83D0-EA0171C211DB}.Debug|iPhone.ActiveCfg = Debug|Any CPU
		{65AB2EC8-4D36-40EF-83D0-EA0171C211DB}.Debug|iPhone.Build.0 = Debug|Any CPU
		{65AB2EC8-4D36-40EF-83D0-EA0171C211DB}.Debug|iPhone.Deploy.0 = Debug|Any CPU
		{65AB2EC8-4D36-40EF-83D0-EA0171C211DB}.Debug|iPhoneSimulator.ActiveCfg = Debug|Any CPU
		{65AB2EC8-4D36-40EF-83D0-EA0171C211DB}.Debug|iPhoneSimulator.Build.0 = Debug|Any CPU
		{65AB2EC8-4D36-40EF-83D0-EA0171C211DB}.Debug|iPhoneSimulator.Deploy.0 = Debug|Any CPU
		{65AB2EC8-4D36-40EF-83D0-EA0171C211DB}.Debug|x64.ActiveCfg = Debug|Any CPU
		{65AB2EC8-4D36-40EF-83D0-EA0171C211DB}.Debug|x64.Build.0 = Debug|Any CPU
		{65AB2EC8-4D36-40EF-83D0-EA0171C211DB}.Debug|x64.Deploy.0 = Debug|Any CPU
		{65AB2EC8-4D36-40EF-83D0-EA0171C211DB}.Debug|x86.ActiveCfg = Debug|Any CPU
		{65AB2EC8-4D36-40EF-83D0-EA0171C211DB}.Debug|x86.Build.0 = Debug|Any CPU
		{65AB2EC8-4D36-40EF-83D0-EA0171C211DB}.Debug|x86.Deploy.0 = Debug|Any CPU
		{65AB2EC8-4D36-40EF-83D0-EA0171C211DB}.Release|Any CPU.ActiveCfg = Release|Any CPU
		{65AB2EC8-4D36-40EF-83D0-EA0171C211DB}.Release|Any CPU.Build.0 = Release|Any CPU
		{65AB2EC8-4D36-40EF-83D0-EA0171C211DB}.Release|Any CPU.Deploy.0 = Release|Any CPU
		{65AB2EC8-4D36-40EF-83D0-EA0171C211DB}.Release|ARM.ActiveCfg = Release|Any CPU
		{65AB2EC8-4D36-40EF-83D0-EA0171C211DB}.Release|ARM.Build.0 = Release|Any CPU
		{65AB2EC8-4D36-40EF-83D0-EA0171C211DB}.Release|ARM.Deploy.0 = Release|Any CPU
		{65AB2EC8-4D36-40EF-83D0-EA0171C211DB}.Release|ARM64.ActiveCfg = Release|Any CPU
		{65AB2EC8-4D36-40EF-83D0-EA0171C211DB}.Release|ARM64.Build.0 = Release|Any CPU
		{65AB2EC8-4D36-40EF-83D0-EA0171C211DB}.Release|ARM64.Deploy.0 = Release|Any CPU
		{65AB2EC8-4D36-40EF-83D0-EA0171C211DB}.Release|iPhone.ActiveCfg = Release|Any CPU
		{65AB2EC8-4D36-40EF-83D0-EA0171C211DB}.Release|iPhone.Build.0 = Release|Any CPU
		{65AB2EC8-4D36-40EF-83D0-EA0171C211DB}.Release|iPhone.Deploy.0 = Release|Any CPU
		{65AB2EC8-4D36-40EF-83D0-EA0171C211DB}.Release|iPhoneSimulator.ActiveCfg = Release|Any CPU
		{65AB2EC8-4D36-40EF-83D0-EA0171C211DB}.Release|iPhoneSimulator.Build.0 = Release|Any CPU
		{65AB2EC8-4D36-40EF-83D0-EA0171C211DB}.Release|iPhoneSimulator.Deploy.0 = Release|Any CPU
		{65AB2EC8-4D36-40EF-83D0-EA0171C211DB}.Release|x64.ActiveCfg = Release|Any CPU
		{65AB2EC8-4D36-40EF-83D0-EA0171C211DB}.Release|x64.Build.0 = Release|Any CPU
		{65AB2EC8-4D36-40EF-83D0-EA0171C211DB}.Release|x64.Deploy.0 = Release|Any CPU
		{65AB2EC8-4D36-40EF-83D0-EA0171C211DB}.Release|x86.ActiveCfg = Release|Any CPU
		{65AB2EC8-4D36-40EF-83D0-EA0171C211DB}.Release|x86.Build.0 = Release|Any CPU
		{65AB2EC8-4D36-40EF-83D0-EA0171C211DB}.Release|x86.Deploy.0 = Release|Any CPU
		{0DEEE873-E6F5-4DFA-B0DE-C1C3F9CCB2B9}.Ad-Hoc|Any CPU.ActiveCfg = Ad-Hoc|iPhone
		{0DEEE873-E6F5-4DFA-B0DE-C1C3F9CCB2B9}.Ad-Hoc|ARM.ActiveCfg = Ad-Hoc|iPhone
		{0DEEE873-E6F5-4DFA-B0DE-C1C3F9CCB2B9}.Ad-Hoc|ARM64.ActiveCfg = Ad-Hoc|iPhone
		{0DEEE873-E6F5-4DFA-B0DE-C1C3F9CCB2B9}.Ad-Hoc|iPhone.ActiveCfg = Ad-Hoc|iPhone
		{0DEEE873-E6F5-4DFA-B0DE-C1C3F9CCB2B9}.Ad-Hoc|iPhone.Build.0 = Ad-Hoc|iPhone
		{0DEEE873-E6F5-4DFA-B0DE-C1C3F9CCB2B9}.Ad-Hoc|iPhoneSimulator.ActiveCfg = Ad-Hoc|iPhoneSimulator
		{0DEEE873-E6F5-4DFA-B0DE-C1C3F9CCB2B9}.Ad-Hoc|iPhoneSimulator.Build.0 = Ad-Hoc|iPhoneSimulator
		{0DEEE873-E6F5-4DFA-B0DE-C1C3F9CCB2B9}.Ad-Hoc|x64.ActiveCfg = Ad-Hoc|iPhone
		{0DEEE873-E6F5-4DFA-B0DE-C1C3F9CCB2B9}.Ad-Hoc|x86.ActiveCfg = Ad-Hoc|iPhone
		{0DEEE873-E6F5-4DFA-B0DE-C1C3F9CCB2B9}.AppStore|Any CPU.ActiveCfg = AppStore|iPhone
		{0DEEE873-E6F5-4DFA-B0DE-C1C3F9CCB2B9}.AppStore|ARM.ActiveCfg = AppStore|iPhone
		{0DEEE873-E6F5-4DFA-B0DE-C1C3F9CCB2B9}.AppStore|ARM64.ActiveCfg = AppStore|iPhone
		{0DEEE873-E6F5-4DFA-B0DE-C1C3F9CCB2B9}.AppStore|iPhone.ActiveCfg = AppStore|iPhone
		{0DEEE873-E6F5-4DFA-B0DE-C1C3F9CCB2B9}.AppStore|iPhone.Build.0 = AppStore|iPhone
		{0DEEE873-E6F5-4DFA-B0DE-C1C3F9CCB2B9}.AppStore|iPhoneSimulator.ActiveCfg = AppStore|iPhoneSimulator
		{0DEEE873-E6F5-4DFA-B0DE-C1C3F9CCB2B9}.AppStore|iPhoneSimulator.Build.0 = AppStore|iPhoneSimulator
		{0DEEE873-E6F5-4DFA-B0DE-C1C3F9CCB2B9}.AppStore|x64.ActiveCfg = AppStore|iPhone
		{0DEEE873-E6F5-4DFA-B0DE-C1C3F9CCB2B9}.AppStore|x86.ActiveCfg = AppStore|iPhone
		{0DEEE873-E6F5-4DFA-B0DE-C1C3F9CCB2B9}.Debug|Any CPU.ActiveCfg = Debug|iPhone
		{0DEEE873-E6F5-4DFA-B0DE-C1C3F9CCB2B9}.Debug|ARM.ActiveCfg = Debug|iPhone
		{0DEEE873-E6F5-4DFA-B0DE-C1C3F9CCB2B9}.Debug|ARM64.ActiveCfg = Debug|iPhone
		{0DEEE873-E6F5-4DFA-B0DE-C1C3F9CCB2B9}.Debug|iPhone.ActiveCfg = Debug|iPhone
		{0DEEE873-E6F5-4DFA-B0DE-C1C3F9CCB2B9}.Debug|iPhone.Build.0 = Debug|iPhone
		{0DEEE873-E6F5-4DFA-B0DE-C1C3F9CCB2B9}.Debug|iPhoneSimulator.ActiveCfg = Debug|iPhoneSimulator
		{0DEEE873-E6F5-4DFA-B0DE-C1C3F9CCB2B9}.Debug|iPhoneSimulator.Build.0 = Debug|iPhoneSimulator
		{0DEEE873-E6F5-4DFA-B0DE-C1C3F9CCB2B9}.Debug|x64.ActiveCfg = Debug|iPhone
		{0DEEE873-E6F5-4DFA-B0DE-C1C3F9CCB2B9}.Debug|x86.ActiveCfg = Debug|iPhone
		{0DEEE873-E6F5-4DFA-B0DE-C1C3F9CCB2B9}.Release|Any CPU.ActiveCfg = Release|iPhone
		{0DEEE873-E6F5-4DFA-B0DE-C1C3F9CCB2B9}.Release|ARM.ActiveCfg = Release|iPhone
		{0DEEE873-E6F5-4DFA-B0DE-C1C3F9CCB2B9}.Release|ARM64.ActiveCfg = Release|iPhone
		{0DEEE873-E6F5-4DFA-B0DE-C1C3F9CCB2B9}.Release|iPhone.ActiveCfg = Release|iPhone
		{0DEEE873-E6F5-4DFA-B0DE-C1C3F9CCB2B9}.Release|iPhone.Build.0 = Release|iPhone
		{0DEEE873-E6F5-4DFA-B0DE-C1C3F9CCB2B9}.Release|iPhoneSimulator.ActiveCfg = Release|iPhoneSimulator
		{0DEEE873-E6F5-4DFA-B0DE-C1C3F9CCB2B9}.Release|iPhoneSimulator.Build.0 = Release|iPhoneSimulator
		{0DEEE873-E6F5-4DFA-B0DE-C1C3F9CCB2B9}.Release|x64.ActiveCfg = Release|iPhone
		{0DEEE873-E6F5-4DFA-B0DE-C1C3F9CCB2B9}.Release|x86.ActiveCfg = Release|iPhone
		{525D42F5-BB69-4A31-9F99-2783C2E5D956}.Ad-Hoc|Any CPU.ActiveCfg = Release|x64
		{525D42F5-BB69-4A31-9F99-2783C2E5D956}.Ad-Hoc|Any CPU.Build.0 = Release|x64
		{525D42F5-BB69-4A31-9F99-2783C2E5D956}.Ad-Hoc|Any CPU.Deploy.0 = Release|x64
		{525D42F5-BB69-4A31-9F99-2783C2E5D956}.Ad-Hoc|ARM.ActiveCfg = Release|ARM
		{525D42F5-BB69-4A31-9F99-2783C2E5D956}.Ad-Hoc|ARM.Build.0 = Release|ARM
		{525D42F5-BB69-4A31-9F99-2783C2E5D956}.Ad-Hoc|ARM.Deploy.0 = Release|ARM
		{525D42F5-BB69-4A31-9F99-2783C2E5D956}.Ad-Hoc|ARM64.ActiveCfg = Release|ARM64
		{525D42F5-BB69-4A31-9F99-2783C2E5D956}.Ad-Hoc|ARM64.Build.0 = Release|ARM64
		{525D42F5-BB69-4A31-9F99-2783C2E5D956}.Ad-Hoc|ARM64.Deploy.0 = Release|ARM64
		{525D42F5-BB69-4A31-9F99-2783C2E5D956}.Ad-Hoc|iPhone.ActiveCfg = Release|x64
		{525D42F5-BB69-4A31-9F99-2783C2E5D956}.Ad-Hoc|iPhone.Build.0 = Release|x64
		{525D42F5-BB69-4A31-9F99-2783C2E5D956}.Ad-Hoc|iPhone.Deploy.0 = Release|x64
		{525D42F5-BB69-4A31-9F99-2783C2E5D956}.Ad-Hoc|iPhoneSimulator.ActiveCfg = Release|x64
		{525D42F5-BB69-4A31-9F99-2783C2E5D956}.Ad-Hoc|iPhoneSimulator.Build.0 = Release|x64
		{525D42F5-BB69-4A31-9F99-2783C2E5D956}.Ad-Hoc|iPhoneSimulator.Deploy.0 = Release|x64
		{525D42F5-BB69-4A31-9F99-2783C2E5D956}.Ad-Hoc|x64.ActiveCfg = Release|x64
		{525D42F5-BB69-4A31-9F99-2783C2E5D956}.Ad-Hoc|x64.Build.0 = Release|x64
		{525D42F5-BB69-4A31-9F99-2783C2E5D956}.Ad-Hoc|x64.Deploy.0 = Release|x64
		{525D42F5-BB69-4A31-9F99-2783C2E5D956}.Ad-Hoc|x86.ActiveCfg = Release|x86
		{525D42F5-BB69-4A31-9F99-2783C2E5D956}.Ad-Hoc|x86.Build.0 = Release|x86
		{525D42F5-BB69-4A31-9F99-2783C2E5D956}.Ad-Hoc|x86.Deploy.0 = Release|x86
		{525D42F5-BB69-4A31-9F99-2783C2E5D956}.AppStore|Any CPU.ActiveCfg = Release|x64
		{525D42F5-BB69-4A31-9F99-2783C2E5D956}.AppStore|Any CPU.Build.0 = Release|x64
		{525D42F5-BB69-4A31-9F99-2783C2E5D956}.AppStore|Any CPU.Deploy.0 = Release|x64
		{525D42F5-BB69-4A31-9F99-2783C2E5D956}.AppStore|ARM.ActiveCfg = Release|ARM
		{525D42F5-BB69-4A31-9F99-2783C2E5D956}.AppStore|ARM.Build.0 = Release|ARM
		{525D42F5-BB69-4A31-9F99-2783C2E5D956}.AppStore|ARM.Deploy.0 = Release|ARM
		{525D42F5-BB69-4A31-9F99-2783C2E5D956}.AppStore|ARM64.ActiveCfg = Release|ARM64
		{525D42F5-BB69-4A31-9F99-2783C2E5D956}.AppStore|ARM64.Build.0 = Release|ARM64
		{525D42F5-BB69-4A31-9F99-2783C2E5D956}.AppStore|ARM64.Deploy.0 = Release|ARM64
		{525D42F5-BB69-4A31-9F99-2783C2E5D956}.AppStore|iPhone.ActiveCfg = Release|x64
		{525D42F5-BB69-4A31-9F99-2783C2E5D956}.AppStore|iPhone.Build.0 = Release|x64
		{525D42F5-BB69-4A31-9F99-2783C2E5D956}.AppStore|iPhone.Deploy.0 = Release|x64
		{525D42F5-BB69-4A31-9F99-2783C2E5D956}.AppStore|iPhoneSimulator.ActiveCfg = Release|x64
		{525D42F5-BB69-4A31-9F99-2783C2E5D956}.AppStore|iPhoneSimulator.Build.0 = Release|x64
		{525D42F5-BB69-4A31-9F99-2783C2E5D956}.AppStore|iPhoneSimulator.Deploy.0 = Release|x64
		{525D42F5-BB69-4A31-9F99-2783C2E5D956}.AppStore|x64.ActiveCfg = Release|x64
		{525D42F5-BB69-4A31-9F99-2783C2E5D956}.AppStore|x64.Build.0 = Release|x64
		{525D42F5-BB69-4A31-9F99-2783C2E5D956}.AppStore|x64.Deploy.0 = Release|x64
		{525D42F5-BB69-4A31-9F99-2783C2E5D956}.AppStore|x86.ActiveCfg = Release|x86
		{525D42F5-BB69-4A31-9F99-2783C2E5D956}.AppStore|x86.Build.0 = Release|x86
		{525D42F5-BB69-4A31-9F99-2783C2E5D956}.AppStore|x86.Deploy.0 = Release|x86
		{525D42F5-BB69-4A31-9F99-2783C2E5D956}.Debug|Any CPU.ActiveCfg = Debug|x86
		{525D42F5-BB69-4A31-9F99-2783C2E5D956}.Debug|ARM.ActiveCfg = Debug|ARM
		{525D42F5-BB69-4A31-9F99-2783C2E5D956}.Debug|ARM.Build.0 = Debug|ARM
		{525D42F5-BB69-4A31-9F99-2783C2E5D956}.Debug|ARM.Deploy.0 = Debug|ARM
		{525D42F5-BB69-4A31-9F99-2783C2E5D956}.Debug|ARM64.ActiveCfg = Debug|ARM64
		{525D42F5-BB69-4A31-9F99-2783C2E5D956}.Debug|ARM64.Build.0 = Debug|ARM64
		{525D42F5-BB69-4A31-9F99-2783C2E5D956}.Debug|ARM64.Deploy.0 = Debug|ARM64
		{525D42F5-BB69-4A31-9F99-2783C2E5D956}.Debug|iPhone.ActiveCfg = Debug|x86
		{525D42F5-BB69-4A31-9F99-2783C2E5D956}.Debug|iPhoneSimulator.ActiveCfg = Debug|x86
		{525D42F5-BB69-4A31-9F99-2783C2E5D956}.Debug|x64.ActiveCfg = Debug|x64
		{525D42F5-BB69-4A31-9F99-2783C2E5D956}.Debug|x64.Build.0 = Debug|x64
		{525D42F5-BB69-4A31-9F99-2783C2E5D956}.Debug|x64.Deploy.0 = Debug|x64
		{525D42F5-BB69-4A31-9F99-2783C2E5D956}.Debug|x86.ActiveCfg = Debug|x86
		{525D42F5-BB69-4A31-9F99-2783C2E5D956}.Debug|x86.Build.0 = Debug|x86
		{525D42F5-BB69-4A31-9F99-2783C2E5D956}.Debug|x86.Deploy.0 = Debug|x86
		{525D42F5-BB69-4A31-9F99-2783C2E5D956}.Release|Any CPU.ActiveCfg = Release|x86
		{525D42F5-BB69-4A31-9F99-2783C2E5D956}.Release|ARM.ActiveCfg = Release|ARM
		{525D42F5-BB69-4A31-9F99-2783C2E5D956}.Release|ARM.Build.0 = Release|ARM
		{525D42F5-BB69-4A31-9F99-2783C2E5D956}.Release|ARM.Deploy.0 = Release|ARM
		{525D42F5-BB69-4A31-9F99-2783C2E5D956}.Release|ARM64.ActiveCfg = Release|ARM64
		{525D42F5-BB69-4A31-9F99-2783C2E5D956}.Release|ARM64.Build.0 = Release|ARM64
		{525D42F5-BB69-4A31-9F99-2783C2E5D956}.Release|ARM64.Deploy.0 = Release|ARM64
		{525D42F5-BB69-4A31-9F99-2783C2E5D956}.Release|iPhone.ActiveCfg = Release|x86
		{525D42F5-BB69-4A31-9F99-2783C2E5D956}.Release|iPhoneSimulator.ActiveCfg = Release|x86
		{525D42F5-BB69-4A31-9F99-2783C2E5D956}.Release|x64.ActiveCfg = Release|x64
		{525D42F5-BB69-4A31-9F99-2783C2E5D956}.Release|x64.Build.0 = Release|x64
		{525D42F5-BB69-4A31-9F99-2783C2E5D956}.Release|x64.Deploy.0 = Release|x64
		{525D42F5-BB69-4A31-9F99-2783C2E5D956}.Release|x86.ActiveCfg = Release|x86
		{525D42F5-BB69-4A31-9F99-2783C2E5D956}.Release|x86.Build.0 = Release|x86
		{525D42F5-BB69-4A31-9F99-2783C2E5D956}.Release|x86.Deploy.0 = Release|x86
		{F9F215AF-35DB-42B5-94E4-9E53DC027EF2}.Ad-Hoc|Any CPU.ActiveCfg = Debug|Any CPU
		{F9F215AF-35DB-42B5-94E4-9E53DC027EF2}.Ad-Hoc|Any CPU.Build.0 = Debug|Any CPU
		{F9F215AF-35DB-42B5-94E4-9E53DC027EF2}.Ad-Hoc|ARM.ActiveCfg = Debug|Any CPU
		{F9F215AF-35DB-42B5-94E4-9E53DC027EF2}.Ad-Hoc|ARM.Build.0 = Debug|Any CPU
		{F9F215AF-35DB-42B5-94E4-9E53DC027EF2}.Ad-Hoc|ARM64.ActiveCfg = Debug|Any CPU
		{F9F215AF-35DB-42B5-94E4-9E53DC027EF2}.Ad-Hoc|ARM64.Build.0 = Debug|Any CPU
		{F9F215AF-35DB-42B5-94E4-9E53DC027EF2}.Ad-Hoc|iPhone.ActiveCfg = Debug|Any CPU
		{F9F215AF-35DB-42B5-94E4-9E53DC027EF2}.Ad-Hoc|iPhone.Build.0 = Debug|Any CPU
		{F9F215AF-35DB-42B5-94E4-9E53DC027EF2}.Ad-Hoc|iPhoneSimulator.ActiveCfg = Debug|Any CPU
		{F9F215AF-35DB-42B5-94E4-9E53DC027EF2}.Ad-Hoc|iPhoneSimulator.Build.0 = Debug|Any CPU
		{F9F215AF-35DB-42B5-94E4-9E53DC027EF2}.Ad-Hoc|x64.ActiveCfg = Debug|Any CPU
		{F9F215AF-35DB-42B5-94E4-9E53DC027EF2}.Ad-Hoc|x64.Build.0 = Debug|Any CPU
		{F9F215AF-35DB-42B5-94E4-9E53DC027EF2}.Ad-Hoc|x86.ActiveCfg = Debug|Any CPU
		{F9F215AF-35DB-42B5-94E4-9E53DC027EF2}.Ad-Hoc|x86.Build.0 = Debug|Any CPU
		{F9F215AF-35DB-42B5-94E4-9E53DC027EF2}.AppStore|Any CPU.ActiveCfg = Debug|Any CPU
		{F9F215AF-35DB-42B5-94E4-9E53DC027EF2}.AppStore|Any CPU.Build.0 = Debug|Any CPU
		{F9F215AF-35DB-42B5-94E4-9E53DC027EF2}.AppStore|ARM.ActiveCfg = Debug|Any CPU
		{F9F215AF-35DB-42B5-94E4-9E53DC027EF2}.AppStore|ARM.Build.0 = Debug|Any CPU
		{F9F215AF-35DB-42B5-94E4-9E53DC027EF2}.AppStore|ARM64.ActiveCfg = Debug|Any CPU
		{F9F215AF-35DB-42B5-94E4-9E53DC027EF2}.AppStore|ARM64.Build.0 = Debug|Any CPU
		{F9F215AF-35DB-42B5-94E4-9E53DC027EF2}.AppStore|iPhone.ActiveCfg = Debug|Any CPU
		{F9F215AF-35DB-42B5-94E4-9E53DC027EF2}.AppStore|iPhone.Build.0 = Debug|Any CPU
		{F9F215AF-35DB-42B5-94E4-9E53DC027EF2}.AppStore|iPhoneSimulator.ActiveCfg = Debug|Any CPU
		{F9F215AF-35DB-42B5-94E4-9E53DC027EF2}.AppStore|iPhoneSimulator.Build.0 = Debug|Any CPU
		{F9F215AF-35DB-42B5-94E4-9E53DC027EF2}.AppStore|x64.ActiveCfg = Debug|Any CPU
		{F9F215AF-35DB-42B5-94E4-9E53DC027EF2}.AppStore|x64.Build.0 = Debug|Any CPU
		{F9F215AF-35DB-42B5-94E4-9E53DC027EF2}.AppStore|x86.ActiveCfg = Debug|Any CPU
		{F9F215AF-35DB-42B5-94E4-9E53DC027EF2}.AppStore|x86.Build.0 = Debug|Any CPU
		{F9F215AF-35DB-42B5-94E4-9E53DC027EF2}.Debug|Any CPU.ActiveCfg = Debug|Any CPU
		{F9F215AF-35DB-42B5-94E4-9E53DC027EF2}.Debug|Any CPU.Build.0 = Debug|Any CPU
		{F9F215AF-35DB-42B5-94E4-9E53DC027EF2}.Debug|ARM.ActiveCfg = Debug|Any CPU
		{F9F215AF-35DB-42B5-94E4-9E53DC027EF2}.Debug|ARM.Build.0 = Debug|Any CPU
		{F9F215AF-35DB-42B5-94E4-9E53DC027EF2}.Debug|ARM64.ActiveCfg = Debug|Any CPU
		{F9F215AF-35DB-42B5-94E4-9E53DC027EF2}.Debug|ARM64.Build.0 = Debug|Any CPU
		{F9F215AF-35DB-42B5-94E4-9E53DC027EF2}.Debug|iPhone.ActiveCfg = Debug|Any CPU
		{F9F215AF-35DB-42B5-94E4-9E53DC027EF2}.Debug|iPhone.Build.0 = Debug|Any CPU
		{F9F215AF-35DB-42B5-94E4-9E53DC027EF2}.Debug|iPhoneSimulator.ActiveCfg = Debug|Any CPU
		{F9F215AF-35DB-42B5-94E4-9E53DC027EF2}.Debug|iPhoneSimulator.Build.0 = Debug|Any CPU
		{F9F215AF-35DB-42B5-94E4-9E53DC027EF2}.Debug|x64.ActiveCfg = Debug|Any CPU
		{F9F215AF-35DB-42B5-94E4-9E53DC027EF2}.Debug|x64.Build.0 = Debug|Any CPU
		{F9F215AF-35DB-42B5-94E4-9E53DC027EF2}.Debug|x86.ActiveCfg = Debug|Any CPU
		{F9F215AF-35DB-42B5-94E4-9E53DC027EF2}.Debug|x86.Build.0 = Debug|Any CPU
		{F9F215AF-35DB-42B5-94E4-9E53DC027EF2}.Release|Any CPU.ActiveCfg = Release|Any CPU
		{F9F215AF-35DB-42B5-94E4-9E53DC027EF2}.Release|Any CPU.Build.0 = Release|Any CPU
		{F9F215AF-35DB-42B5-94E4-9E53DC027EF2}.Release|ARM.ActiveCfg = Release|Any CPU
		{F9F215AF-35DB-42B5-94E4-9E53DC027EF2}.Release|ARM.Build.0 = Release|Any CPU
		{F9F215AF-35DB-42B5-94E4-9E53DC027EF2}.Release|ARM64.ActiveCfg = Release|Any CPU
		{F9F215AF-35DB-42B5-94E4-9E53DC027EF2}.Release|ARM64.Build.0 = Release|Any CPU
		{F9F215AF-35DB-42B5-94E4-9E53DC027EF2}.Release|iPhone.ActiveCfg = Release|Any CPU
		{F9F215AF-35DB-42B5-94E4-9E53DC027EF2}.Release|iPhone.Build.0 = Release|Any CPU
		{F9F215AF-35DB-42B5-94E4-9E53DC027EF2}.Release|iPhoneSimulator.ActiveCfg = Release|Any CPU
		{F9F215AF-35DB-42B5-94E4-9E53DC027EF2}.Release|iPhoneSimulator.Build.0 = Release|Any CPU
		{F9F215AF-35DB-42B5-94E4-9E53DC027EF2}.Release|x64.ActiveCfg = Release|Any CPU
		{F9F215AF-35DB-42B5-94E4-9E53DC027EF2}.Release|x64.Build.0 = Release|Any CPU
		{F9F215AF-35DB-42B5-94E4-9E53DC027EF2}.Release|x86.ActiveCfg = Release|Any CPU
		{F9F215AF-35DB-42B5-94E4-9E53DC027EF2}.Release|x86.Build.0 = Release|Any CPU
		{56D57EF5-5C20-4E5A-A6A8-5C8E25D08350}.Ad-Hoc|Any CPU.ActiveCfg = Release|iPhoneSimulator
		{56D57EF5-5C20-4E5A-A6A8-5C8E25D08350}.Ad-Hoc|Any CPU.Build.0 = Release|iPhoneSimulator
		{56D57EF5-5C20-4E5A-A6A8-5C8E25D08350}.Ad-Hoc|ARM.ActiveCfg = Release|iPhoneSimulator
		{56D57EF5-5C20-4E5A-A6A8-5C8E25D08350}.Ad-Hoc|ARM.Build.0 = Release|iPhoneSimulator
		{56D57EF5-5C20-4E5A-A6A8-5C8E25D08350}.Ad-Hoc|ARM64.ActiveCfg = Release|iPhoneSimulator
		{56D57EF5-5C20-4E5A-A6A8-5C8E25D08350}.Ad-Hoc|ARM64.Build.0 = Release|iPhoneSimulator
		{56D57EF5-5C20-4E5A-A6A8-5C8E25D08350}.Ad-Hoc|iPhone.ActiveCfg = Release|iPhoneSimulator
		{56D57EF5-5C20-4E5A-A6A8-5C8E25D08350}.Ad-Hoc|iPhone.Build.0 = Release|iPhoneSimulator
		{56D57EF5-5C20-4E5A-A6A8-5C8E25D08350}.Ad-Hoc|iPhoneSimulator.ActiveCfg = Release|iPhoneSimulator
		{56D57EF5-5C20-4E5A-A6A8-5C8E25D08350}.Ad-Hoc|iPhoneSimulator.Build.0 = Release|iPhoneSimulator
		{56D57EF5-5C20-4E5A-A6A8-5C8E25D08350}.Ad-Hoc|x64.ActiveCfg = Release|iPhoneSimulator
		{56D57EF5-5C20-4E5A-A6A8-5C8E25D08350}.Ad-Hoc|x64.Build.0 = Release|iPhoneSimulator
		{56D57EF5-5C20-4E5A-A6A8-5C8E25D08350}.Ad-Hoc|x86.ActiveCfg = Release|iPhoneSimulator
		{56D57EF5-5C20-4E5A-A6A8-5C8E25D08350}.Ad-Hoc|x86.Build.0 = Release|iPhoneSimulator
		{56D57EF5-5C20-4E5A-A6A8-5C8E25D08350}.AppStore|Any CPU.ActiveCfg = Release|iPhoneSimulator
		{56D57EF5-5C20-4E5A-A6A8-5C8E25D08350}.AppStore|Any CPU.Build.0 = Release|iPhoneSimulator
		{56D57EF5-5C20-4E5A-A6A8-5C8E25D08350}.AppStore|ARM.ActiveCfg = Release|iPhoneSimulator
		{56D57EF5-5C20-4E5A-A6A8-5C8E25D08350}.AppStore|ARM.Build.0 = Release|iPhoneSimulator
		{56D57EF5-5C20-4E5A-A6A8-5C8E25D08350}.AppStore|ARM64.ActiveCfg = Release|iPhoneSimulator
		{56D57EF5-5C20-4E5A-A6A8-5C8E25D08350}.AppStore|ARM64.Build.0 = Release|iPhoneSimulator
		{56D57EF5-5C20-4E5A-A6A8-5C8E25D08350}.AppStore|iPhone.ActiveCfg = Release|iPhoneSimulator
		{56D57EF5-5C20-4E5A-A6A8-5C8E25D08350}.AppStore|iPhone.Build.0 = Release|iPhoneSimulator
		{56D57EF5-5C20-4E5A-A6A8-5C8E25D08350}.AppStore|iPhoneSimulator.ActiveCfg = Release|iPhoneSimulator
		{56D57EF5-5C20-4E5A-A6A8-5C8E25D08350}.AppStore|iPhoneSimulator.Build.0 = Release|iPhoneSimulator
		{56D57EF5-5C20-4E5A-A6A8-5C8E25D08350}.AppStore|x64.ActiveCfg = Release|iPhoneSimulator
		{56D57EF5-5C20-4E5A-A6A8-5C8E25D08350}.AppStore|x64.Build.0 = Release|iPhoneSimulator
		{56D57EF5-5C20-4E5A-A6A8-5C8E25D08350}.AppStore|x86.ActiveCfg = Release|iPhoneSimulator
		{56D57EF5-5C20-4E5A-A6A8-5C8E25D08350}.AppStore|x86.Build.0 = Release|iPhoneSimulator
		{56D57EF5-5C20-4E5A-A6A8-5C8E25D08350}.Debug|Any CPU.ActiveCfg = Debug|iPhoneSimulator
		{56D57EF5-5C20-4E5A-A6A8-5C8E25D08350}.Debug|ARM.ActiveCfg = Debug|iPhoneSimulator
		{56D57EF5-5C20-4E5A-A6A8-5C8E25D08350}.Debug|ARM64.ActiveCfg = Debug|iPhoneSimulator
		{56D57EF5-5C20-4E5A-A6A8-5C8E25D08350}.Debug|iPhone.ActiveCfg = Debug|iPhoneSimulator
		{56D57EF5-5C20-4E5A-A6A8-5C8E25D08350}.Debug|iPhoneSimulator.ActiveCfg = Debug|iPhoneSimulator
		{56D57EF5-5C20-4E5A-A6A8-5C8E25D08350}.Debug|iPhoneSimulator.Build.0 = Debug|iPhoneSimulator
		{56D57EF5-5C20-4E5A-A6A8-5C8E25D08350}.Debug|x64.ActiveCfg = Debug|iPhoneSimulator
		{56D57EF5-5C20-4E5A-A6A8-5C8E25D08350}.Debug|x86.ActiveCfg = Debug|iPhoneSimulator
		{56D57EF5-5C20-4E5A-A6A8-5C8E25D08350}.Release|Any CPU.ActiveCfg = Release|iPhoneSimulator
		{56D57EF5-5C20-4E5A-A6A8-5C8E25D08350}.Release|ARM.ActiveCfg = Release|iPhoneSimulator
		{56D57EF5-5C20-4E5A-A6A8-5C8E25D08350}.Release|ARM64.ActiveCfg = Release|iPhoneSimulator
		{56D57EF5-5C20-4E5A-A6A8-5C8E25D08350}.Release|iPhone.ActiveCfg = Release|iPhoneSimulator
		{56D57EF5-5C20-4E5A-A6A8-5C8E25D08350}.Release|iPhoneSimulator.ActiveCfg = Release|iPhoneSimulator
		{56D57EF5-5C20-4E5A-A6A8-5C8E25D08350}.Release|iPhoneSimulator.Build.0 = Release|iPhoneSimulator
		{56D57EF5-5C20-4E5A-A6A8-5C8E25D08350}.Release|x64.ActiveCfg = Release|iPhoneSimulator
		{56D57EF5-5C20-4E5A-A6A8-5C8E25D08350}.Release|x86.ActiveCfg = Release|iPhoneSimulator
	EndGlobalSection
	GlobalSection(SolutionProperties) = preSolution
		HideSolutionNode = FALSE
	EndGlobalSection
	GlobalSection(ExtensibilityGlobals) = postSolution
		SolutionGuid = {8766C88F-75BE-4417-8726-75796D490A82}
	EndGlobalSection
EndGlobal
